
Microsoft Visual Studio Solution File, Format Version 12.00
# Visual Studio Version 17
VisualStudioVersion = 17.2.32616.157
MinimumVisualStudioVersion = 10.0.40219.1
Project("{9A19103F-16F7-4668-BE54-9A1E7A4F7556}") = "NLox", "NLox\NLox.csproj", "{8EFB79AF-3DA8-488B-A753-A990403989C0}"
EndProject
Project("{FAE04EC0-301F-11D3-BF4B-00C04F79EFBC}") = "NLox.Test", "NLox.Test\NLox.Test.csproj", "{5654E9C4-3C30-4081-A521-1B5AC6472B87}"
EndProject
Global
	GlobalSection(SolutionConfigurationPlatforms) = preSolution
		Debug|Any CPU = Debug|Any CPU
		Release|Any CPU = Release|Any CPU
	EndGlobalSection
	GlobalSection(ProjectConfigurationPlatforms) = postSolution
		{8EFB79AF-3DA8-488B-A753-A990403989C0}.Debug|Any CPU.ActiveCfg = Debug|Any CPU
		{8EFB79AF-3DA8-488B-A753-A990403989C0}.Debug|Any CPU.Build.0 = Debug|Any CPU
		{8EFB79AF-3DA8-488B-A753-A990403989C0}.Release|Any CPU.ActiveCfg = Release|Any CPU
		{8EFB79AF-3DA8-488B-A753-A990403989C0}.Release|Any CPU.Build.0 = Release|Any CPU
		{5654E9C4-3C30-4081-A521-1B5AC6472B87}.Debug|Any CPU.ActiveCfg = Debug|Any CPU
		{5654E9C4-3C30-4081-A521-1B5AC6472B87}.Debug|Any CPU.Build.0 = Debug|Any CPU
		{5654E9C4-3C30-4081-A521-1B5AC6472B87}.Release|Any CPU.ActiveCfg = Release|Any CPU
		{5654E9C4-3C30-4081-A521-1B5AC6472B87}.Release|Any CPU.Build.0 = Release|Any CPU
	EndGlobalSection
	GlobalSection(SolutionProperties) = preSolution
		HideSolutionNode = FALSE
	EndGlobalSection
	GlobalSection(ExtensibilityGlobals) = postSolution
		SolutionGuid = {ED5A5AF0-A369-4263-81E8-3AC44680713E}
	EndGlobalSection
EndGlobal
